
Microsoft Visual Studio Solution File, Format Version 12.00
# Visual Studio Version 16
VisualStudioVersion = 16.0.32413.511
MinimumVisualStudioVersion = 10.0.40219.1
Project("{FAE04EC0-301F-11D3-BF4B-00C04F79EFBC}") = "LINQHW13", "LINQHW13\LINQHW13.csproj", "{61003E9A-FC6D-4BDD-B561-64B22355A999}"
EndProject
Global
	GlobalSection(SolutionConfigurationPlatforms) = preSolution
		Debug|Any CPU = Debug|Any CPU
		Release|Any CPU = Release|Any CPU
	EndGlobalSection
	GlobalSection(ProjectConfigurationPlatforms) = postSolution
		{61003E9A-FC6D-4BDD-B561-64B22355A999}.Debug|Any CPU.ActiveCfg = Debug|Any CPU
		{61003E9A-FC6D-4BDD-B561-64B22355A999}.Debug|Any CPU.Build.0 = Debug|Any CPU
		{61003E9A-FC6D-4BDD-B561-64B22355A999}.Release|Any CPU.ActiveCfg = Release|Any CPU
		{61003E9A-FC6D-4BDD-B561-64B22355A999}.Release|Any CPU.Build.0 = Release|Any CPU
	EndGlobalSection
	GlobalSection(SolutionProperties) = preSolution
		HideSolutionNode = FALSE
	EndGlobalSection
	GlobalSection(ExtensibilityGlobals) = postSolution
		SolutionGuid = {54891809-2C25-4949-9D3C-25F4C9858397}
	EndGlobalSection
EndGlobal
